
Microsoft Visual Studio Solution File, Format Version 12.00
# Visual Studio 2012
Project("{FAE04EC0-301F-11D3-BF4B-00C04F79EFBC}") = "13.1-Enkel_OOP", "13.1-Enkel_OOP.csproj", "{27285D0A-50CB-4CF2-94DE-309DDD1078EA}"
EndProject
Global
	GlobalSection(SolutionConfigurationPlatforms) = preSolution
		Debug|x86 = Debug|x86
		Release|x86 = Release|x86
	EndGlobalSection
	GlobalSection(ProjectConfigurationPlatforms) = postSolution
		{27285D0A-50CB-4CF2-94DE-309DDD1078EA}.Debug|x86.ActiveCfg = Debug|x86
		{27285D0A-50CB-4CF2-94DE-309DDD1078EA}.Debug|x86.Build.0 = Debug|x86
		{27285D0A-50CB-4CF2-94DE-309DDD1078EA}.Release|x86.ActiveCfg = Release|x86
		{27285D0A-50CB-4CF2-94DE-309DDD1078EA}.Release|x86.Build.0 = Release|x86
	EndGlobalSection
EndGlobal
