
Microsoft Visual Studio Solution File, Format Version 12.00
# Visual Studio 2012
Project("{FAE04EC0-301F-11D3-BF4B-00C04F79EFBC}") = "10.5-SubString", "10.5-SubString.csproj", "{DB5F3F12-05A8-4D79-A6DC-9100F24FA569}"
EndProject
Global
	GlobalSection(SolutionConfigurationPlatforms) = preSolution
		Debug|x86 = Debug|x86
		Release|x86 = Release|x86
	EndGlobalSection
	GlobalSection(ProjectConfigurationPlatforms) = postSolution
		{DB5F3F12-05A8-4D79-A6DC-9100F24FA569}.Debug|x86.ActiveCfg = Debug|x86
		{DB5F3F12-05A8-4D79-A6DC-9100F24FA569}.Debug|x86.Build.0 = Debug|x86
		{DB5F3F12-05A8-4D79-A6DC-9100F24FA569}.Release|x86.ActiveCfg = Release|x86
		{DB5F3F12-05A8-4D79-A6DC-9100F24FA569}.Release|x86.Build.0 = Release|x86
	EndGlobalSection
EndGlobal
