
Microsoft Visual Studio Solution File, Format Version 12.00
# Visual Studio 2012
Project("{FAE04EC0-301F-11D3-BF4B-00C04F79EFBC}") = "2.1-DataTypes", "2.1-DataTypes.csproj", "{80D73882-4940-46FE-9B64-C90F3C8D6663}"
EndProject
Global
	GlobalSection(SolutionConfigurationPlatforms) = preSolution
		Debug|x86 = Debug|x86
		Release|x86 = Release|x86
	EndGlobalSection
	GlobalSection(ProjectConfigurationPlatforms) = postSolution
		{80D73882-4940-46FE-9B64-C90F3C8D6663}.Debug|x86.ActiveCfg = Debug|x86
		{80D73882-4940-46FE-9B64-C90F3C8D6663}.Debug|x86.Build.0 = Debug|x86
		{80D73882-4940-46FE-9B64-C90F3C8D6663}.Release|x86.ActiveCfg = Release|x86
		{80D73882-4940-46FE-9B64-C90F3C8D6663}.Release|x86.Build.0 = Release|x86
	EndGlobalSection
EndGlobal
